
Microsoft Visual Studio Solution File, Format Version 11.00
# Visual Studio 2010
Project("{FAE04EC0-301F-11D3-BF4B-00C04F79EFBC}") = "Assembly-CSharp", "Assembly-CSharp.csproj", "{574598D9-791F-7152-6078-C49818CBDFC6}"
EndProject
Project("{FAE04EC0-301F-11D3-BF4B-00C04F79EFBC}") = "Assembly-CSharp-Editor", "Assembly-CSharp-Editor.csproj", "{5B7006F6-48DD-5A26-9799-A73E4DBFC8FA}"
EndProject
Global
	GlobalSection(SolutionConfigurationPlatforms) = preSolution
		Debug|Any CPU = Debug|Any CPU
		Release|Any CPU = Release|Any CPU
	EndGlobalSection
	GlobalSection(ProjectConfigurationPlatforms) = postSolution
		{574598D9-791F-7152-6078-C49818CBDFC6}.Debug|Any CPU.ActiveCfg = Debug|Any CPU
		{574598D9-791F-7152-6078-C49818CBDFC6}.Debug|Any CPU.Build.0 = Debug|Any CPU
		{574598D9-791F-7152-6078-C49818CBDFC6}.Release|Any CPU.ActiveCfg = Release|Any CPU
		{574598D9-791F-7152-6078-C49818CBDFC6}.Release|Any CPU.Build.0 = Release|Any CPU
		{5B7006F6-48DD-5A26-9799-A73E4DBFC8FA}.Debug|Any CPU.ActiveCfg = Debug|Any CPU
		{5B7006F6-48DD-5A26-9799-A73E4DBFC8FA}.Debug|Any CPU.Build.0 = Debug|Any CPU
		{5B7006F6-48DD-5A26-9799-A73E4DBFC8FA}.Release|Any CPU.ActiveCfg = Release|Any CPU
		{5B7006F6-48DD-5A26-9799-A73E4DBFC8FA}.Release|Any CPU.Build.0 = Release|Any CPU
	EndGlobalSection
	GlobalSection(SolutionProperties) = preSolution
		HideSolutionNode = FALSE
	EndGlobalSection
	GlobalSection(MonoDevelopProperties) = preSolution
		StartupItem = Assembly-CSharp.csproj
	EndGlobalSection
EndGlobal
